
Microsoft Visual Studio Solution File, Format Version 12.00
# Visual Studio Version 17
VisualStudioVersion = 17.14.36518.9
MinimumVisualStudioVersion = 10.0.40219.1
Project("{FAE04EC0-301F-11D3-BF4B-00C04F79EFBC}") = "An2WinFileTransfer", "An2WiFileTransfer\An2WinFileTransfer.csproj", "{0D904930-9B47-47B8-BE1C-46B2640B6C03}"
EndProject
Global
	GlobalSection(SolutionConfigurationPlatforms) = preSolution
		Debug|Any CPU = Debug|Any CPU
		Release|Any CPU = Release|Any CPU
	EndGlobalSection
	GlobalSection(ProjectConfigurationPlatforms) = postSolution
		{0D904930-9B47-47B8-BE1C-46B2640B6C03}.Debug|Any CPU.ActiveCfg = Debug|Any CPU
		{0D904930-9B47-47B8-BE1C-46B2640B6C03}.Debug|Any CPU.Build.0 = Debug|Any CPU
		{0D904930-9B47-47B8-BE1C-46B2640B6C03}.Release|Any CPU.ActiveCfg = Release|Any CPU
		{0D904930-9B47-47B8-BE1C-46B2640B6C03}.Release|Any CPU.Build.0 = Release|Any CPU
	EndGlobalSection
	GlobalSection(SolutionProperties) = preSolution
		HideSolutionNode = FALSE
	EndGlobalSection
	GlobalSection(ExtensibilityGlobals) = postSolution
		SolutionGuid = {E431197D-C100-469D-AB67-38DD2750A9C4}
	EndGlobalSection
EndGlobal
